schema: '2.0'
stages:
  prepare:
    cmd: python src/prepare.py data/ENB2012_data.csv
    deps:
    - path: data/ENB2012_data.csv
      md5: ae7a74847b1bed3997bba51bb0dfa431
      size: 39946
    - path: src/prepare.py
      md5: a6addb75d77d57494e611b54363c2c56
      size: 679
    params:
      params.yaml:
        prepare.test_size: 0.3
        seed: 1337
    outs:
    - path: data/test.csv
      md5: d4033345de66be0b2b85fa449dd3e088
      size: 11225
    - path: data/train.csv
      md5: 396a04604ae1b24bbf1d5b692a1debb7
      size: 25967
  xgboost_training:
    cmd: python src/xgboost_train.py
    deps:
    - path: data/train.csv
      md5: 396a04604ae1b24bbf1d5b692a1debb7
      size: 25967
    - path: src/xgboost_train.py
      md5: 6e4540da220146a46f8208e388fe66b2
      size: 482
    outs:
    - path: models/xgboost.joblib
      md5: f4f5f686fabf951b3cd99f9f6639351b
      size: 424748
  xgboost_evaluation:
    cmd: python src/evaluate.py models/xgboost.joblib
    deps:
    - path: data/test.csv
      md5: d4033345de66be0b2b85fa449dd3e088
      size: 11225
    - path: src/evaluate.py
      md5: 0ad9034231d0d134550404aabfa175ab
      size: 1184
    outs:
    - path: metrics/metrics.json
      md5: 1ef2c1ac79e099f296858de8c02998d6
      size: 86
    - path: plots
      md5: d751713988987e9331980363e24189ce.dir
      size: 0
      nfiles: 0
